
Microsoft Visual Studio Solution File, Format Version 12.00
# Visual Studio Express 2013 for Windows Desktop
VisualStudioVersion = 12.0.40629.0
MinimumVisualStudioVersion = 10.0.40219.1
Project("{FAE04EC0-301F-11D3-BF4B-00C04F79EFBC}") = "5", "5\5.csproj", "{CB53F447-2B58-4DB0-BE35-1E80F11401FA}"
EndProject
Global
	GlobalSection(SolutionConfigurationPlatforms) = preSolution
		Debug|Any CPU = Debug|Any CPU
		Release|Any CPU = Release|Any CPU
	EndGlobalSection
	GlobalSection(ProjectConfigurationPlatforms) = postSolution
		{CB53F447-2B58-4DB0-BE35-1E80F11401FA}.Debug|Any CPU.ActiveCfg = Debug|Any CPU
		{CB53F447-2B58-4DB0-BE35-1E80F11401FA}.Debug|Any CPU.Build.0 = Debug|Any CPU
		{CB53F447-2B58-4DB0-BE35-1E80F11401FA}.Release|Any CPU.ActiveCfg = Release|Any CPU
		{CB53F447-2B58-4DB0-BE35-1E80F11401FA}.Release|Any CPU.Build.0 = Release|Any CPU
	EndGlobalSection
	GlobalSection(SolutionProperties) = preSolution
		HideSolutionNode = FALSE
	EndGlobalSection
EndGlobal
